{
  "name": "seattle-recovery",
  "lockfileVersion": 3,
  "requires": true,
  "packages": {
    "": {
      "dependencies": {
        "monaco-loader": "^1.0.0"
      }
    },
    "node_modules/monaco-editor": {
      "version": "0.17.1",
      "resolved": "https://registry.npmjs.org/monaco-editor/-/monaco-editor-0.17.1.tgz",
      "integrity": "sha512-JAc0mtW7NeO+0SwPRcdkfDbWLgkqL9WfP1NbpP9wNASsW6oWqgZqNIWt4teymGjZIXTElx3dnQmUYHmVrJ7HxA==",
      "peer": true
    },
    "node_modules/monaco-loader": {
      "version": "1.0.0",
      "resolved": "https://registry.npmjs.org/monaco-loader/-/monaco-loader-1.0.0.tgz",
      "integrity": "sha512-rVdJWvb/1pkfS958FXnnzSrq17hT2CcCg6DPW8yu5eZro52E2oAnpaXKA/XUnREgNp/tnLWvFFLsw4nlwzVZQw==",
      "peerDependencies": {
        "monaco-editor": "^0.17.0"
      }
    }
  }
}
